
Microsoft Visual Studio Solution File, Format Version 12.00
# Visual Studio Version 17
VisualStudioVersion = 17.11.35312.102
MinimumVisualStudioVersion = 10.0.40219.1
Project("{FAE04EC0-301F-11D3-BF4B-00C04F79EFBC}") = "CarConnect", "CarConnect\CarConnect.csproj", "{5178E7A2-7235-48A3-BE33-F265CBA15606}"
EndProject
Project("{FAE04EC0-301F-11D3-BF4B-00C04F79EFBC}") = "CarConnect.Tests", "CarConnect.Tests\CarConnect.Tests.csproj", "{7AC68D98-782F-42B4-8B7C-D9AF3DA992AE}"
EndProject
Global
	GlobalSection(SolutionConfigurationPlatforms) = preSolution
		Debug|Any CPU = Debug|Any CPU
		Release|Any CPU = Release|Any CPU
	EndGlobalSection
	GlobalSection(ProjectConfigurationPlatforms) = postSolution
		{5178E7A2-7235-48A3-BE33-F265CBA15606}.Debug|Any CPU.ActiveCfg = Debug|Any CPU
		{5178E7A2-7235-48A3-BE33-F265CBA15606}.Debug|Any CPU.Build.0 = Debug|Any CPU
		{5178E7A2-7235-48A3-BE33-F265CBA15606}.Release|Any CPU.ActiveCfg = Release|Any CPU
		{5178E7A2-7235-48A3-BE33-F265CBA15606}.Release|Any CPU.Build.0 = Release|Any CPU
		{7AC68D98-782F-42B4-8B7C-D9AF3DA992AE}.Debug|Any CPU.ActiveCfg = Debug|Any CPU
		{7AC68D98-782F-42B4-8B7C-D9AF3DA992AE}.Debug|Any CPU.Build.0 = Debug|Any CPU
		{7AC68D98-782F-42B4-8B7C-D9AF3DA992AE}.Release|Any CPU.ActiveCfg = Release|Any CPU
		{7AC68D98-782F-42B4-8B7C-D9AF3DA992AE}.Release|Any CPU.Build.0 = Release|Any CPU
	EndGlobalSection
	GlobalSection(SolutionProperties) = preSolution
		HideSolutionNode = FALSE
	EndGlobalSection
	GlobalSection(ExtensibilityGlobals) = postSolution
		SolutionGuid = {9CED7023-4230-41D6-9537-8EF264EDD0A1}
	EndGlobalSection
EndGlobal
