
Microsoft Visual Studio Solution File, Format Version 12.00
# Visual Studio Version 17
VisualStudioVersion = 17.11.35312.102
MinimumVisualStudioVersion = 10.0.40219.1
Project("{FAE04EC0-301F-11D3-BF4B-00C04F79EFBC}") = "PureArray", "PureArray\PureArray.csproj", "{03A24A06-4B27-4136-A6ED-9486A2132425}"
EndProject
Global
	GlobalSection(SolutionConfigurationPlatforms) = preSolution
		Debug|Any CPU = Debug|Any CPU
		Release|Any CPU = Release|Any CPU
	EndGlobalSection
	GlobalSection(ProjectConfigurationPlatforms) = postSolution
		{03A24A06-4B27-4136-A6ED-9486A2132425}.Debug|Any CPU.ActiveCfg = Debug|Any CPU
		{03A24A06-4B27-4136-A6ED-9486A2132425}.Debug|Any CPU.Build.0 = Debug|Any CPU
		{03A24A06-4B27-4136-A6ED-9486A2132425}.Release|Any CPU.ActiveCfg = Release|Any CPU
		{03A24A06-4B27-4136-A6ED-9486A2132425}.Release|Any CPU.Build.0 = Release|Any CPU
	EndGlobalSection
	GlobalSection(SolutionProperties) = preSolution
		HideSolutionNode = FALSE
	EndGlobalSection
	GlobalSection(ExtensibilityGlobals) = postSolution
		SolutionGuid = {EB79EA71-6BCC-4E86-B6D3-BDCC566255B1}
	EndGlobalSection
EndGlobal
