
Microsoft Visual Studio Solution File, Format Version 12.00
# Visual Studio Version 17
VisualStudioVersion = 17.11.35312.102
MinimumVisualStudioVersion = 10.0.40219.1
Project("{FAE04EC0-301F-11D3-BF4B-00C04F79EFBC}") = "Operator", "Operator\Operator.csproj", "{A87F6597-4DA6-44FA-A35E-914D8D1491D0}"
EndProject
Global
	GlobalSection(SolutionConfigurationPlatforms) = preSolution
		Debug|Any CPU = Debug|Any CPU
		Release|Any CPU = Release|Any CPU
	EndGlobalSection
	GlobalSection(ProjectConfigurationPlatforms) = postSolution
		{A87F6597-4DA6-44FA-A35E-914D8D1491D0}.Debug|Any CPU.ActiveCfg = Debug|Any CPU
		{A87F6597-4DA6-44FA-A35E-914D8D1491D0}.Debug|Any CPU.Build.0 = Debug|Any CPU
		{A87F6597-4DA6-44FA-A35E-914D8D1491D0}.Release|Any CPU.ActiveCfg = Release|Any CPU
		{A87F6597-4DA6-44FA-A35E-914D8D1491D0}.Release|Any CPU.Build.0 = Release|Any CPU
	EndGlobalSection
	GlobalSection(SolutionProperties) = preSolution
		HideSolutionNode = FALSE
	EndGlobalSection
	GlobalSection(ExtensibilityGlobals) = postSolution
		SolutionGuid = {A4967A3B-906E-4CE0-9CF6-390C24ECEFBA}
	EndGlobalSection
EndGlobal
