
Microsoft Visual Studio Solution File, Format Version 12.00
# Visual Studio Version 17
VisualStudioVersion = 17.11.35312.102
MinimumVisualStudioVersion = 10.0.40219.1
Project("{FAE04EC0-301F-11D3-BF4B-00C04F79EFBC}") = "ArrayPower", "ArrayPower\ArrayPower.csproj", "{F60C710F-4624-4DAF-8DAD-B529B150E518}"
EndProject
Global
	GlobalSection(SolutionConfigurationPlatforms) = preSolution
		Debug|Any CPU = Debug|Any CPU
		Release|Any CPU = Release|Any CPU
	EndGlobalSection
	GlobalSection(ProjectConfigurationPlatforms) = postSolution
		{F60C710F-4624-4DAF-8DAD-B529B150E518}.Debug|Any CPU.ActiveCfg = Debug|Any CPU
		{F60C710F-4624-4DAF-8DAD-B529B150E518}.Debug|Any CPU.Build.0 = Debug|Any CPU
		{F60C710F-4624-4DAF-8DAD-B529B150E518}.Release|Any CPU.ActiveCfg = Release|Any CPU
		{F60C710F-4624-4DAF-8DAD-B529B150E518}.Release|Any CPU.Build.0 = Release|Any CPU
	EndGlobalSection
	GlobalSection(SolutionProperties) = preSolution
		HideSolutionNode = FALSE
	EndGlobalSection
	GlobalSection(ExtensibilityGlobals) = postSolution
		SolutionGuid = {0DBD56AE-1AA3-4078-9FAE-B70476960661}
	EndGlobalSection
EndGlobal
