
Microsoft Visual Studio Solution File, Format Version 12.00
# Visual Studio Version 17
VisualStudioVersion = 17.11.35312.102
MinimumVisualStudioVersion = 10.0.40219.1
Project("{FAE04EC0-301F-11D3-BF4B-00C04F79EFBC}") = "ORSum", "ORSum\ORSum.csproj", "{62BC6D90-E4E7-4024-AD0D-D774B93C4FB1}"
EndProject
Global
	GlobalSection(SolutionConfigurationPlatforms) = preSolution
		Debug|Any CPU = Debug|Any CPU
		Release|Any CPU = Release|Any CPU
	EndGlobalSection
	GlobalSection(ProjectConfigurationPlatforms) = postSolution
		{62BC6D90-E4E7-4024-AD0D-D774B93C4FB1}.Debug|Any CPU.ActiveCfg = Debug|Any CPU
		{62BC6D90-E4E7-4024-AD0D-D774B93C4FB1}.Debug|Any CPU.Build.0 = Debug|Any CPU
		{62BC6D90-E4E7-4024-AD0D-D774B93C4FB1}.Release|Any CPU.ActiveCfg = Release|Any CPU
		{62BC6D90-E4E7-4024-AD0D-D774B93C4FB1}.Release|Any CPU.Build.0 = Release|Any CPU
	EndGlobalSection
	GlobalSection(SolutionProperties) = preSolution
		HideSolutionNode = FALSE
	EndGlobalSection
	GlobalSection(ExtensibilityGlobals) = postSolution
		SolutionGuid = {20626751-5534-4FD2-9975-C1ECE5128448}
	EndGlobalSection
EndGlobal
