
Microsoft Visual Studio Solution File, Format Version 12.00
# Visual Studio Version 17
VisualStudioVersion = 17.11.35312.102
MinimumVisualStudioVersion = 10.0.40219.1
Project("{FAE04EC0-301F-11D3-BF4B-00C04F79EFBC}") = "StudentInformationSystem", "StudentInformationSystem\StudentInformationSystem.csproj", "{B36D2A56-FB50-4B20-8587-9EFD62F643AE}"
EndProject
Global
	GlobalSection(SolutionConfigurationPlatforms) = preSolution
		Debug|Any CPU = Debug|Any CPU
		Release|Any CPU = Release|Any CPU
	EndGlobalSection
	GlobalSection(ProjectConfigurationPlatforms) = postSolution
		{B36D2A56-FB50-4B20-8587-9EFD62F643AE}.Debug|Any CPU.ActiveCfg = Debug|Any CPU
		{B36D2A56-FB50-4B20-8587-9EFD62F643AE}.Debug|Any CPU.Build.0 = Debug|Any CPU
		{B36D2A56-FB50-4B20-8587-9EFD62F643AE}.Release|Any CPU.ActiveCfg = Release|Any CPU
		{B36D2A56-FB50-4B20-8587-9EFD62F643AE}.Release|Any CPU.Build.0 = Release|Any CPU
	EndGlobalSection
	GlobalSection(SolutionProperties) = preSolution
		HideSolutionNode = FALSE
	EndGlobalSection
	GlobalSection(ExtensibilityGlobals) = postSolution
		SolutionGuid = {108A784C-F1B2-4DC6-97FA-1D6D202DF3F2}
	EndGlobalSection
EndGlobal
